// !$*UTF8*$!
{
	archiveVersion = 1;
	classes = {
	};
	objectVersion = 50;
	objects = {

/* Begin PBXBuildFile section */
		B39EBFBF23879CC600BC9675 /* AppDelegate.swift in Sources */ = {isa = PBXBuildFile; fileRef = B39EBFBE23879CC600BC9675 /* AppDelegate.swift */; };
		B39EBFC123879CC600BC9675 /* SceneDelegate.swift in Sources */ = {isa = PBXBuildFile; fileRef = B39EBFC023879CC600BC9675 /* SceneDelegate.swift */; };
		B39EBFC323879CC600BC9675 /* ContentView.swift in Sources */ = {isa = PBXBuildFile; fileRef = B39EBFC223879CC600BC9675 /* ContentView.swift */; };
		B39EBFC523879CC800BC9675 /* Assets.xcassets in Resources */ = {isa = PBXBuildFile; fileRef = B39EBFC423879CC800BC9675 /* Assets.xcassets */; };
		B39EBFC823879CC800BC9675 /* Preview Assets.xcassets in Resources */ = {isa = PBXBuildFile; fileRef = B39EBFC723879CC800BC9675 /* Preview Assets.xcassets */; };
		B39EBFCB23879CC800BC9675 /* LaunchScreen.storyboard in Resources */ = {isa = PBXBuildFile; fileRef = B39EBFC923879CC800BC9675 /* LaunchScreen.storyboard */; };
		B39EBFD323879CED00BC9675 /* Helper.swift in Sources */ = {isa = PBXBuildFile; fileRef = B39EBFD223879CED00BC9675 /* Helper.swift */; };
		B39EBFD523879D1A00BC9675 /* Menu.swift in Sources */ = {isa = PBXBuildFile; fileRef = B39EBFD423879D1A00BC9675 /* Menu.swift */; };
		B39EBFD723879D5A00BC9675 /* Order.swift in Sources */ = {isa = PBXBuildFile; fileRef = B39EBFD623879D5A00BC9675 /* Order.swift */; };
		B39EBFD923879D6500BC9675 /* menu.json in Resources */ = {isa = PBXBuildFile; fileRef = B39EBFD823879D6500BC9675 /* menu.json */; };
		B39EBFDB2387B50500BC9675 /* ItemRow.swift in Sources */ = {isa = PBXBuildFile; fileRef = B39EBFDA2387B50500BC9675 /* ItemRow.swift */; };
		B39EBFDD2387BC1C00BC9675 /* ItemDetail.swift in Sources */ = {isa = PBXBuildFile; fileRef = B39EBFDC2387BC1C00BC9675 /* ItemDetail.swift */; };
		B39EBFDF2387C71C00BC9675 /* OrderView.swift in Sources */ = {isa = PBXBuildFile; fileRef = B39EBFDE2387C71C00BC9675 /* OrderView.swift */; };
		B39EBFE12387D01200BC9675 /* AppView.swift in Sources */ = {isa = PBXBuildFile; fileRef = B39EBFE02387D01200BC9675 /* AppView.swift */; };
		B39EBFE32388468500BC9675 /* CheckoutView.swift in Sources */ = {isa = PBXBuildFile; fileRef = B39EBFE22388468500BC9675 /* CheckoutView.swift */; };
/* End PBXBuildFile section */

/* Begin PBXFileReference section */
		B39EBFBB23879CC600BC9675 /* SwiftUIExample.app */ = {isa = PBXFileReference; explicitFileType = wrapper.application; includeInIndex = 0; path = SwiftUIExample.app; sourceTree = BUILT_PRODUCTS_DIR; };
		B39EBFBE23879CC600BC9675 /* AppDelegate.swift */ = {isa = PBXFileReference; lastKnownFileType = sourcecode.swift; path = AppDelegate.swift; sourceTree = "<group>"; };
		B39EBFC023879CC600BC9675 /* SceneDelegate.swift */ = {isa = PBXFileReference; lastKnownFileType = sourcecode.swift; path = SceneDelegate.swift; sourceTree = "<group>"; };
		B39EBFC223879CC600BC9675 /* ContentView.swift */ = {isa = PBXFileReference; lastKnownFileType = sourcecode.swift; path = ContentView.swift; sourceTree = "<group>"; };
		B39EBFC423879CC800BC9675 /* Assets.xcassets */ = {isa = PBXFileReference; lastKnownFileType = folder.assetcatalog; path = Assets.xcassets; sourceTree = "<group>"; };
		B39EBFC723879CC800BC9675 /* Preview Assets.xcassets */ = {isa = PBXFileReference; lastKnownFileType = folder.assetcatalog; path = "Preview Assets.xcassets"; sourceTree = "<group>"; };
		B39EBFCA23879CC800BC9675 /* Base */ = {isa = PBXFileReference; lastKnownFileType = file.storyboard; name = Base; path = Base.lproj/LaunchScreen.storyboard; sourceTree = "<group>"; };
		B39EBFCC23879CC800BC9675 /* Info.plist */ = {isa = PBXFileReference; lastKnownFileType = text.plist.xml; path = Info.plist; sourceTree = "<group>"; };
		B39EBFD223879CED00BC9675 /* Helper.swift */ = {isa = PBXFileReference; fileEncoding = 4; lastKnownFileType = sourcecode.swift; path = Helper.swift; sourceTree = "<group>"; };
		B39EBFD423879D1A00BC9675 /* Menu.swift */ = {isa = PBXFileReference; fileEncoding = 4; lastKnownFileType = sourcecode.swift; path = Menu.swift; sourceTree = "<group>"; };
		B39EBFD623879D5A00BC9675 /* Order.swift */ = {isa = PBXFileReference; fileEncoding = 4; lastKnownFileType = sourcecode.swift; path = Order.swift; sourceTree = "<group>"; };
		B39EBFD823879D6500BC9675 /* menu.json */ = {isa = PBXFileReference; fileEncoding = 4; lastKnownFileType = text.json; path = menu.json; sourceTree = "<group>"; };
		B39EBFDA2387B50500BC9675 /* ItemRow.swift */ = {isa = PBXFileReference; lastKnownFileType = sourcecode.swift; path = ItemRow.swift; sourceTree = "<group>"; };
		B39EBFDC2387BC1C00BC9675 /* ItemDetail.swift */ = {isa = PBXFileReference; lastKnownFileType = sourcecode.swift; path = ItemDetail.swift; sourceTree = "<group>"; };
		B39EBFDE2387C71C00BC9675 /* OrderView.swift */ = {isa = PBXFileReference; lastKnownFileType = sourcecode.swift; path = OrderView.swift; sourceTree = "<group>"; };
		B39EBFE02387D01200BC9675 /* AppView.swift */ = {isa = PBXFileReference; lastKnownFileType = sourcecode.swift; path = AppView.swift; sourceTree = "<group>"; };
		B39EBFE22388468500BC9675 /* CheckoutView.swift */ = {isa = PBXFileReference; lastKnownFileType = sourcecode.swift; path = CheckoutView.swift; sourceTree = "<group>"; };
/* End PBXFileReference section */

/* Begin PBXFrameworksBuildPhase section */
		B39EBFB823879CC600BC9675 /* Frameworks */ = {
			isa = PBXFrameworksBuildPhase;
			buildActionMask = 2147483647;
			files = (
			);
			runOnlyForDeploymentPostprocessing = 0;
		};
/* End PBXFrameworksBuildPhase section */

/* Begin PBXGroup section */
		B39EBFB223879CC600BC9675 = {
			isa = PBXGroup;
			children = (
				B39EBFBD23879CC600BC9675 /* SwiftUIExample */,
				B39EBFBC23879CC600BC9675 /* Products */,
			);
			sourceTree = "<group>";
		};
		B39EBFBC23879CC600BC9675 /* Products */ = {
			isa = PBXGroup;
			children = (
				B39EBFBB23879CC600BC9675 /* SwiftUIExample.app */,
			);
			name = Products;
			sourceTree = "<group>";
		};
		B39EBFBD23879CC600BC9675 /* SwiftUIExample */ = {
			isa = PBXGroup;
			children = (
				B39EBFD223879CED00BC9675 /* Helper.swift */,
				B39EBFD423879D1A00BC9675 /* Menu.swift */,
				B39EBFD623879D5A00BC9675 /* Order.swift */,
				B39EBFBE23879CC600BC9675 /* AppDelegate.swift */,
				B39EBFC023879CC600BC9675 /* SceneDelegate.swift */,
				B39EBFC223879CC600BC9675 /* ContentView.swift */,
				B39EBFDC2387BC1C00BC9675 /* ItemDetail.swift */,
				B39EBFDE2387C71C00BC9675 /* OrderView.swift */,
				B39EBFE02387D01200BC9675 /* AppView.swift */,
				B39EBFE22388468500BC9675 /* CheckoutView.swift */,
				B39EBFDA2387B50500BC9675 /* ItemRow.swift */,
				B39EBFC423879CC800BC9675 /* Assets.xcassets */,
				B39EBFC923879CC800BC9675 /* LaunchScreen.storyboard */,
				B39EBFCC23879CC800BC9675 /* Info.plist */,
				B39EBFD823879D6500BC9675 /* menu.json */,
				B39EBFC623879CC800BC9675 /* Preview Content */,
			);
			path = SwiftUIExample;
			sourceTree = "<group>";
		};
		B39EBFC623879CC800BC9675 /* Preview Content */ = {
			isa = PBXGroup;
			children = (
				B39EBFC723879CC800BC9675 /* Preview Assets.xcassets */,
			);
			path = "Preview Content";
			sourceTree = "<group>";
		};
/* End PBXGroup section */

/* Begin PBXNativeTarget section */
		B39EBFBA23879CC600BC9675 /* SwiftUIExample */ = {
			isa = PBXNativeTarget;
			buildConfigurationList = B39EBFCF23879CC800BC9675 /* Build configuration list for PBXNativeTarget "SwiftUIExample" */;
			buildPhases = (
				B39EBFB723879CC600BC9675 /* Sources */,
				B39EBFB823879CC600BC9675 /* Frameworks */,
				B39EBFB923879CC600BC9675 /* Resources */,
			);
			buildRules = (
			);
			dependencies = (
			);
			name = SwiftUIExample;
			productName = SwiftUIExample;
			productReference = B39EBFBB23879CC600BC9675 /* SwiftUIExample.app */;
			productType = "com.apple.product-type.application";
		};
/* End PBXNativeTarget section */

/* Begin PBXProject section */
		B39EBFB323879CC600BC9675 /* Project object */ = {
			isa = PBXProject;
			attributes = {
				LastSwiftUpdateCheck = 1120;
				LastUpgradeCheck = 1120;
				ORGANIZATIONNAME = "paraches lifestyle lab.";
				TargetAttributes = {
					B39EBFBA23879CC600BC9675 = {
						CreatedOnToolsVersion = 11.2.1;
					};
				};
			};
			buildConfigurationList = B39EBFB623879CC600BC9675 /* Build configuration list for PBXProject "SwiftUIExample" */;
			compatibilityVersion = "Xcode 9.3";
			developmentRegion = en;
			hasScannedForEncodings = 0;
			knownRegions = (
				en,
				Base,
			);
			mainGroup = B39EBFB223879CC600BC9675;
			productRefGroup = B39EBFBC23879CC600BC9675 /* Products */;
			projectDirPath = "";
			projectRoot = "";
			targets = (
				B39EBFBA23879CC600BC9675 /* SwiftUIExample */,
			);
		};
/* End PBXProject section */

/* Begin PBXResourcesBuildPhase section */
		B39EBFB923879CC600BC9675 /* Resources */ = {
			isa = PBXResourcesBuildPhase;
			buildActionMask = 2147483647;
			files = (
				B39EBFCB23879CC800BC9675 /* LaunchScreen.storyboard in Resources */,
				B39EBFC823879CC800BC9675 /* Preview Assets.xcassets in Resources */,
				B39EBFD923879D6500BC9675 /* menu.json in Resources */,
				B39EBFC523879CC800BC9675 /* Assets.xcassets in Resources */,
			);
			runOnlyForDeploymentPostprocessing = 0;
		};
/* End PBXResourcesBuildPhase section */

/* Begin PBXSourcesBuildPhase section */
		B39EBFB723879CC600BC9675 /* Sources */ = {
			isa = PBXSourcesBuildPhase;
			buildActionMask = 2147483647;
			files = (
				B39EBFD723879D5A00BC9675 /* Order.swift in Sources */,
				B39EBFE32388468500BC9675 /* CheckoutView.swift in Sources */,
				B39EBFBF23879CC600BC9675 /* AppDelegate.swift in Sources */,
				B39EBFC123879CC600BC9675 /* SceneDelegate.swift in Sources */,
				B39EBFDB2387B50500BC9675 /* ItemRow.swift in Sources */,
				B39EBFC323879CC600BC9675 /* ContentView.swift in Sources */,
				B39EBFDD2387BC1C00BC9675 /* ItemDetail.swift in Sources */,
				B39EBFDF2387C71C00BC9675 /* OrderView.swift in Sources */,
				B39EBFD323879CED00BC9675 /* Helper.swift in Sources */,
				B39EBFE12387D01200BC9675 /* AppView.swift in Sources */,
				B39EBFD523879D1A00BC9675 /* Menu.swift in Sources */,
			);
			runOnlyForDeploymentPostprocessing = 0;
		};
/* End PBXSourcesBuildPhase section */

/* Begin PBXVariantGroup section */
		B39EBFC923879CC800BC9675 /* LaunchScreen.storyboard */ = {
			isa = PBXVariantGroup;
			children = (
				B39EBFCA23879CC800BC9675 /* Base */,
			);
			name = LaunchScreen.storyboard;
			sourceTree = "<group>";
		};
/* End PBXVariantGroup section */

/* Begin XCBuildConfiguration section */
		B39EBFCD23879CC800BC9675 /* Debug */ = {
			isa = XCBuildConfiguration;
			buildSettings = {
				ALWAYS_SEARCH_USER_PATHS = NO;
				CLANG_ANALYZER_NONNULL = YES;
				CLANG_ANALYZER_NUMBER_OBJECT_CONVERSION = YES_AGGRESSIVE;
				CLANG_CXX_LANGUAGE_STANDARD = "gnu++14";
				CLANG_CXX_LIBRARY = "libc++";
				CLANG_ENABLE_MODULES = YES;
				CLANG_ENABLE_OBJC_ARC = YES;
				CLANG_ENABLE_OBJC_WEAK = YES;
				CLANG_WARN_BLOCK_CAPTURE_AUTORELEASING = YES;
				CLANG_WARN_BOOL_CONVERSION = YES;
				CLANG_WARN_COMMA = YES;
				CLANG_WARN_CONSTANT_CONVERSION = YES;
				CLANG_WARN_DEPRECATED_OBJC_IMPLEMENTATIONS = YES;
				CLANG_WARN_DIRECT_OBJC_ISA_USAGE = YES_ERROR;
				CLANG_WARN_DOCUMENTATION_COMMENTS = YES;
				CLANG_WARN_EMPTY_BODY = YES;
				CLANG_WARN_ENUM_CONVERSION = YES;
				CLANG_WARN_INFINITE_RECURSION = YES;
				CLANG_WARN_INT_CONVERSION = YES;
				CLANG_WARN_NON_LITERAL_NULL_CONVERSION = YES;
				CLANG_WARN_OBJC_IMPLICIT_RETAIN_SELF = YES;
				CLANG_WARN_OBJC_LITERAL_CONVERSION = YES;
				CLANG_WARN_OBJC_ROOT_CLASS = YES_ERROR;
				CLANG_WARN_RANGE_LOOP_ANALYSIS = YES;
				CLANG_WARN_STRICT_PROTOTYPES = YES;
				CLANG_WARN_SUSPICIOUS_MOVE = YES;
				CLANG_WARN_UNGUARDED_AVAILABILITY = YES_AGGRESSIVE;
				CLANG_WARN_UNREACHABLE_CODE = YES;
				CLANG_WARN__DUPLICATE_METHOD_MATCH = YES;
				COPY_PHASE_STRIP = NO;
				DEBUG_INFORMATION_FORMAT = dwarf;
				ENABLE_STRICT_OBJC_MSGSEND = YES;
				ENABLE_TESTABILITY = YES;
				GCC_C_LANGUAGE_STANDARD = gnu11;
				GCC_DYNAMIC_NO_PIC = NO;
				GCC_NO_COMMON_BLOCKS = YES;
				GCC_OPTIMIZATION_LEVEL = 0;
				GCC_PREPROCESSOR_DEFINITIONS = (
					"DEBUG=1",
					"$(inherited)",
				);
				GCC_WARN_64_TO_32_BIT_CONVERSION = YES;
				GCC_WARN_ABOUT_RETURN_TYPE = YES_ERROR;
				GCC_WARN_UNDECLARED_SELECTOR = YES;
				GCC_WARN_UNINITIALIZED_AUTOS = YES_AGGRESSIVE;
				GCC_WARN_UNUSED_FUNCTION = YES;
				GCC_WARN_UNUSED_VARIABLE = YES;
				IPHONEOS_DEPLOYMENT_TARGET = 13.2;
				MTL_ENABLE_DEBUG_INFO = INCLUDE_SOURCE;
				MTL_FAST_MATH = YES;
				ONLY_ACTIVE_ARCH = YES;
				SDKROOT = iphoneos;
				SWIFT_ACTIVE_COMPILATION_CONDITIONS = DEBUG;
				SWIFT_OPTIMIZATION_LEVEL = "-Onone";
			};
			name = Debug;
		};
		B39EBFCE23879CC800BC9675 /* Release */ = {
			isa = XCBuildConfiguration;
			buildSettings = {
				ALWAYS_SEARCH_USER_PATHS = NO;
				CLANG_ANALYZER_NONNULL = YES;
				CLANG_ANALYZER_NUMBER_OBJECT_CONVERSION = YES_AGGRESSIVE;
				CLANG_CXX_LANGUAGE_STANDARD = "gnu++14";
				CLANG_CXX_LIBRARY = "libc++";
				CLANG_ENABLE_MODULES = YES;
				CLANG_ENABLE_OBJC_ARC = YES;
				CLANG_ENABLE_OBJC_WEAK = YES;
				CLANG_WARN_BLOCK_CAPTURE_AUTORELEASING = YES;
				CLANG_WARN_BOOL_CONVERSION = YES;
				CLANG_WARN_COMMA = YES;
				CLANG_WARN_CONSTANT_CONVERSION = YES;
				CLANG_WARN_DEPRECATED_OBJC_IMPLEMENTATIONS = YES;
				CLANG_WARN_DIRECT_OBJC_ISA_USAGE = YES_ERROR;
				CLANG_WARN_DOCUMENTATION_COMMENTS = YES;
				CLANG_WARN_EMPTY_BODY = YES;
				CLANG_WARN_ENUM_CONVERSION = YES;
				CLANG_WARN_INFINITE_RECURSION = YES;
				CLANG_WARN_INT_CONVERSION = YES;
				CLANG_WARN_NON_LITERAL_NULL_CONVERSION = YES;
				CLANG_WARN_OBJC_IMPLICIT_RETAIN_SELF = YES;
				CLANG_WARN_OBJC_LITERAL_CONVERSION = YES;
				CLANG_WARN_OBJC_ROOT_CLASS = YES_ERROR;
				CLANG_WARN_RANGE_LOOP_ANALYSIS = YES;
				CLANG_WARN_STRICT_PROTOTYPES = YES;
				CLANG_WARN_SUSPICIOUS_MOVE = YES;
				CLANG_WARN_UNGUARDED_AVAILABILITY = YES_AGGRESSIVE;
				CLANG_WARN_UNREACHABLE_CODE = YES;
				CLANG_WARN__DUPLICATE_METHOD_MATCH = YES;
				COPY_PHASE_STRIP = NO;
				DEBUG_INFORMATION_FORMAT = "dwarf-with-dsym";
				ENABLE_NS_ASSERTIONS = NO;
				ENABLE_STRICT_OBJC_MSGSEND = YES;
				GCC_C_LANGUAGE_STANDARD = gnu11;
				GCC_NO_COMMON_BLOCKS = YES;
				GCC_WARN_64_TO_32_BIT_CONVERSION = YES;
				GCC_WARN_ABOUT_RETURN_TYPE = YES_ERROR;
				GCC_WARN_UNDECLARED_SELECTOR = YES;
				GCC_WARN_UNINITIALIZED_AUTOS = YES_AGGRESSIVE;
				GCC_WARN_UNUSED_FUNCTION = YES;
				GCC_WARN_UNUSED_VARIABLE = YES;
				IPHONEOS_DEPLOYMENT_TARGET = 13.2;
				MTL_ENABLE_DEBUG_INFO = NO;
				MTL_FAST_MATH = YES;
				SDKROOT = iphoneos;
				SWIFT_COMPILATION_MODE = wholemodule;
				SWIFT_OPTIMIZATION_LEVEL = "-O";
				VALIDATE_PRODUCT = YES;
			};
			name = Release;
		};
		B39EBFD023879CC800BC9675 /* Debug */ = {
			isa = XCBuildConfiguration;
			buildSettings = {
				ASSETCATALOG_COMPILER_APPICON_NAME = AppIcon;
				CODE_SIGN_STYLE = Automatic;
				DEVELOPMENT_ASSET_PATHS = "\"SwiftUIExample/Preview Content\"";
				DEVELOPMENT_TEAM = LDFA6E6QA2;
				ENABLE_PREVIEWS = YES;
				INFOPLIST_FILE = SwiftUIExample/Info.plist;
				LD_RUNPATH_SEARCH_PATHS = (
					"$(inherited)",
					"@executable_path/Frameworks",
				);
				PRODUCT_BUNDLE_IDENTIFIER = com.paraches.ios.SwiftUIExample;
				PRODUCT_NAME = "$(TARGET_NAME)";
				SWIFT_VERSION = 5.0;
				TARGETED_DEVICE_FAMILY = "1,2";
			};
			name = Debug;
		};
		B39EBFD123879CC800BC9675 /* Release */ = {
			isa = XCBuildConfiguration;
			buildSettings = {
				ASSETCATALOG_COMPILER_APPICON_NAME = AppIcon;
				CODE_SIGN_STYLE = Automatic;
				DEVELOPMENT_ASSET_PATHS = "\"SwiftUIExample/Preview Content\"";
				DEVELOPMENT_TEAM = LDFA6E6QA2;
				ENABLE_PREVIEWS = YES;
				INFOPLIST_FILE = SwiftUIExample/Info.plist;
				LD_RUNPATH_SEARCH_PATHS = (
					"$(inherited)",
					"@executable_path/Frameworks",
				);
				PRODUCT_BUNDLE_IDENTIFIER = com.paraches.ios.SwiftUIExample;
				PRODUCT_NAME = "$(TARGET_NAME)";
				SWIFT_VERSION = 5.0;
				TARGETED_DEVICE_FAMILY = "1,2";
			};
			name = Release;
		};
/* End XCBuildConfiguration section */

/* Begin XCConfigurationList section */
		B39EBFB623879CC600BC9675 /* Build configuration list for PBXProject "SwiftUIExample" */ = {
			isa = XCConfigurationList;
			buildConfigurations = (
				B39EBFCD23879CC800BC9675 /* Debug */,
				B39EBFCE23879CC800BC9675 /* Release */,
			);
			defaultConfigurationIsVisible = 0;
			defaultConfigurationName = Release;
		};
		B39EBFCF23879CC800BC9675 /* Build configuration list for PBXNativeTarget "SwiftUIExample" */ = {
			isa = XCConfigurationList;
			buildConfigurations = (
				B39EBFD023879CC800BC9675 /* Debug */,
				B39EBFD123879CC800BC9675 /* Release */,
			);
			defaultConfigurationIsVisible = 0;
			defaultConfigurationName = Release;
		};
/* End XCConfigurationList section */
	};
	rootObject = B39EBFB323879CC600BC9675 /* Project object */;
}
